// !$*UTF8*$!
{
	archiveVersion = 1;
	classes = {
	};
	objectVersion = 51;
	objects = {

/* Begin PBXBuildFile section */
		9A697F3D2459704900D37F18 /* GoalViewController.swift in Sources */ = {isa = PBXBuildFile; fileRef = 9A697F3C2459704900D37F18 /* GoalViewController.swift */; };
		9A697F402459937A00D37F18 /* SwipeTableViewController.swift in Sources */ = {isa = PBXBuildFile; fileRef = 9A697F3F2459937A00D37F18 /* SwipeTableViewController.swift */; };
		9AC21B502459632D008ADB7A /* AppDelegate.swift in Sources */ = {isa = PBXBuildFile; fileRef = 9AC21B4F2459632D008ADB7A /* AppDelegate.swift */; };
		9AC21B522459632D008ADB7A /* SceneDelegate.swift in Sources */ = {isa = PBXBuildFile; fileRef = 9AC21B512459632D008ADB7A /* SceneDelegate.swift */; };
		9AC21B542459632D008ADB7A /* VisionBoardViewController.swift in Sources */ = {isa = PBXBuildFile; fileRef = 9AC21B532459632D008ADB7A /* VisionBoardViewController.swift */; };
		9AC21B572459632D008ADB7A /* Main.storyboard in Resources */ = {isa = PBXBuildFile; fileRef = 9AC21B552459632D008ADB7A /* Main.storyboard */; };
		9AC21B5924596330008ADB7A /* Assets.xcassets in Resources */ = {isa = PBXBuildFile; fileRef = 9AC21B5824596330008ADB7A /* Assets.xcassets */; };
		9AC21B5C24596330008ADB7A /* LaunchScreen.storyboard in Resources */ = {isa = PBXBuildFile; fileRef = 9AC21B5A24596330008ADB7A /* LaunchScreen.storyboard */; };
		9AC21B6724596B1D008ADB7A /* Goal.swift in Sources */ = {isa = PBXBuildFile; fileRef = 9AC21B6624596B1D008ADB7A /* Goal.swift */; };
		9AC21B6924596C01008ADB7A /* VisionBoard.swift in Sources */ = {isa = PBXBuildFile; fileRef = 9AC21B6824596C01008ADB7A /* VisionBoard.swift */; };
		9FE0733092DEA4DF7E3F2F3F /* Pods_VisionBoard.framework in Frameworks */ = {isa = PBXBuildFile; fileRef = C216325791ADAA8320BF41B9 /* Pods_VisionBoard.framework */; };
/* End PBXBuildFile section */

/* Begin PBXFileReference section */
		9A697F3C2459704900D37F18 /* GoalViewController.swift */ = {isa = PBXFileReference; lastKnownFileType = sourcecode.swift; path = GoalViewController.swift; sourceTree = "<group>"; };
		9A697F3F2459937A00D37F18 /* SwipeTableViewController.swift */ = {isa = PBXFileReference; lastKnownFileType = sourcecode.swift; path = SwipeTableViewController.swift; sourceTree = "<group>"; };
		9AC21B4C2459632D008ADB7A /* VisionBoard.app */ = {isa = PBXFileReference; explicitFileType = wrapper.application; includeInIndex = 0; path = VisionBoard.app; sourceTree = BUILT_PRODUCTS_DIR; };
		9AC21B4F2459632D008ADB7A /* AppDelegate.swift */ = {isa = PBXFileReference; lastKnownFileType = sourcecode.swift; path = AppDelegate.swift; sourceTree = "<group>"; };
		9AC21B512459632D008ADB7A /* SceneDelegate.swift */ = {isa = PBXFileReference; lastKnownFileType = sourcecode.swift; path = SceneDelegate.swift; sourceTree = "<group>"; };
		9AC21B532459632D008ADB7A /* VisionBoardViewController.swift */ = {isa = PBXFileReference; lastKnownFileType = sourcecode.swift; path = VisionBoardViewController.swift; sourceTree = "<group>"; };
		9AC21B562459632D008ADB7A /* Base */ = {isa = PBXFileReference; lastKnownFileType = file.storyboard; name = Base; path = Base.lproj/Main.storyboard; sourceTree = "<group>"; };
		9AC21B5824596330008ADB7A /* Assets.xcassets */ = {isa = PBXFileReference; lastKnownFileType = folder.assetcatalog; path = Assets.xcassets; sourceTree = "<group>"; };
		9AC21B5B24596330008ADB7A /* Base */ = {isa = PBXFileReference; lastKnownFileType = file.storyboard; name = Base; path = Base.lproj/LaunchScreen.storyboard; sourceTree = "<group>"; };
		9AC21B5D24596330008ADB7A /* Info.plist */ = {isa = PBXFileReference; lastKnownFileType = text.plist.xml; path = Info.plist; sourceTree = "<group>"; };
		9AC21B6624596B1D008ADB7A /* Goal.swift */ = {isa = PBXFileReference; lastKnownFileType = sourcecode.swift; path = Goal.swift; sourceTree = "<group>"; };
		9AC21B6824596C01008ADB7A /* VisionBoard.swift */ = {isa = PBXFileReference; lastKnownFileType = sourcecode.swift; path = VisionBoard.swift; sourceTree = "<group>"; };
		B95F025B4B81D28856D975BC /* Pods-VisionBoard.debug.xcconfig */ = {isa = PBXFileReference; includeInIndex = 1; lastKnownFileType = text.xcconfig; name = "Pods-VisionBoard.debug.xcconfig"; path = "Target Support Files/Pods-VisionBoard/Pods-VisionBoard.debug.xcconfig"; sourceTree = "<group>"; };
		C216325791ADAA8320BF41B9 /* Pods_VisionBoard.framework */ = {isa = PBXFileReference; explicitFileType = wrapper.framework; includeInIndex = 0; path = Pods_VisionBoard.framework; sourceTree = BUILT_PRODUCTS_DIR; };
		E6532A7470B6857F3B03E912 /* Pods-VisionBoard.release.xcconfig */ = {isa = PBXFileReference; includeInIndex = 1; lastKnownFileType = text.xcconfig; name = "Pods-VisionBoard.release.xcconfig"; path = "Target Support Files/Pods-VisionBoard/Pods-VisionBoard.release.xcconfig"; sourceTree = "<group>"; };
/* End PBXFileReference section */

/* Begin PBXFrameworksBuildPhase section */
		9AC21B492459632D008ADB7A /* Frameworks */ = {
			isa = PBXFrameworksBuildPhase;
			buildActionMask = 2147483647;
			files = (
				9FE0733092DEA4DF7E3F2F3F /* Pods_VisionBoard.framework in Frameworks */,
			);
			runOnlyForDeploymentPostprocessing = 0;
		};
/* End PBXFrameworksBuildPhase section */

/* Begin PBXGroup section */
		6B009DFD4D42C0E8941D99F7 /* Pods */ = {
			isa = PBXGroup;
			children = (
				B95F025B4B81D28856D975BC /* Pods-VisionBoard.debug.xcconfig */,
				E6532A7470B6857F3B03E912 /* Pods-VisionBoard.release.xcconfig */,
			);
			path = Pods;
			sourceTree = "<group>";
		};
		9A697F3E2459877100D37F18 /* Support Files */ = {
			isa = PBXGroup;
			children = (
				9AC21B5824596330008ADB7A /* Assets.xcassets */,
				9AC21B512459632D008ADB7A /* SceneDelegate.swift */,
				9AC21B5A24596330008ADB7A /* LaunchScreen.storyboard */,
			);
			path = "Support Files";
			sourceTree = "<group>";
		};
		9AC21B432459632D008ADB7A = {
			isa = PBXGroup;
			children = (
				9AC21B4E2459632D008ADB7A /* VisionBoard */,
				9AC21B4D2459632D008ADB7A /* Products */,
				6B009DFD4D42C0E8941D99F7 /* Pods */,
				A1E591BC11FBC51CFBAE1680 /* Frameworks */,
			);
			sourceTree = "<group>";
		};
		9AC21B4D2459632D008ADB7A /* Products */ = {
			isa = PBXGroup;
			children = (
				9AC21B4C2459632D008ADB7A /* VisionBoard.app */,
			);
			name = Products;
			sourceTree = "<group>";
		};
		9AC21B4E2459632D008ADB7A /* VisionBoard */ = {
			isa = PBXGroup;
			children = (
				9A697F3E2459877100D37F18 /* Support Files */,
				9AC21B65245963CD008ADB7A /* model */,
				9AC21B64245963C8008ADB7A /* controller */,
				9AC21B63245963C1008ADB7A /* view */,
				9AC21B4F2459632D008ADB7A /* AppDelegate.swift */,
				9AC21B5D24596330008ADB7A /* Info.plist */,
			);
			path = VisionBoard;
			sourceTree = "<group>";
		};
		9AC21B63245963C1008ADB7A /* view */ = {
			isa = PBXGroup;
			children = (
				9AC21B552459632D008ADB7A /* Main.storyboard */,
			);
			path = view;
			sourceTree = "<group>";
		};
		9AC21B64245963C8008ADB7A /* controller */ = {
			isa = PBXGroup;
			children = (
				9AC21B532459632D008ADB7A /* VisionBoardViewController.swift */,
				9A697F3C2459704900D37F18 /* GoalViewController.swift */,
				9A697F3F2459937A00D37F18 /* SwipeTableViewController.swift */,
			);
			path = controller;
			sourceTree = "<group>";
		};
		9AC21B65245963CD008ADB7A /* model */ = {
			isa = PBXGroup;
			children = (
				9AC21B6624596B1D008ADB7A /* Goal.swift */,
				9AC21B6824596C01008ADB7A /* VisionBoard.swift */,
			);
			path = model;
			sourceTree = "<group>";
		};
		A1E591BC11FBC51CFBAE1680 /* Frameworks */ = {
			isa = PBXGroup;
			children = (
				C216325791ADAA8320BF41B9 /* Pods_VisionBoard.framework */,
			);
			name = Frameworks;
			sourceTree = "<group>";
		};
/* End PBXGroup section */

/* Begin PBXNativeTarget section */
		9AC21B4B2459632D008ADB7A /* VisionBoard */ = {
			isa = PBXNativeTarget;
			buildConfigurationList = 9AC21B6024596330008ADB7A /* Build configuration list for PBXNativeTarget "VisionBoard" */;
			buildPhases = (
				A5A01AC3A55A2C03920ED2C6 /* [CP] Check Pods Manifest.lock */,
				9AC21B482459632D008ADB7A /* Sources */,
				9AC21B492459632D008ADB7A /* Frameworks */,
				9AC21B4A2459632D008ADB7A /* Resources */,
				4F7ADFDACC275813482E264D /* [CP] Embed Pods Frameworks */,
			);
			buildRules = (
			);
			dependencies = (
			);
			name = VisionBoard;
			productName = VisionBoard;
			productReference = 9AC21B4C2459632D008ADB7A /* VisionBoard.app */;
			productType = "com.apple.product-type.application";
		};
/* End PBXNativeTarget section */

/* Begin PBXProject section */
		9AC21B442459632D008ADB7A /* Project object */ = {
			isa = PBXProject;
			attributes = {
				LastSwiftUpdateCheck = 1140;
				LastUpgradeCheck = 1140;
				ORGANIZATIONNAME = "Ángeles Vázquez Parra";
				TargetAttributes = {
					9AC21B4B2459632D008ADB7A = {
						CreatedOnToolsVersion = 11.4.1;
					};
				};
			};
			buildConfigurationList = 9AC21B472459632D008ADB7A /* Build configuration list for PBXProject "VisionBoard" */;
			compatibilityVersion = "Xcode 9.3";
			developmentRegion = en;
			hasScannedForEncodings = 0;
			knownRegions = (
				en,
				Base,
			);
			mainGroup = 9AC21B432459632D008ADB7A;
			productRefGroup = 9AC21B4D2459632D008ADB7A /* Products */;
			projectDirPath = "";
			projectRoot = "";
			targets = (
				9AC21B4B2459632D008ADB7A /* VisionBoard */,
			);
		};
/* End PBXProject section */

/* Begin PBXResourcesBuildPhase section */
		9AC21B4A2459632D008ADB7A /* Resources */ = {
			isa = PBXResourcesBuildPhase;
			buildActionMask = 2147483647;
			files = (
				9AC21B5C24596330008ADB7A /* LaunchScreen.storyboard in Resources */,
				9AC21B5924596330008ADB7A /* Assets.xcassets in Resources */,
				9AC21B572459632D008ADB7A /* Main.storyboard in Resources */,
			);
			runOnlyForDeploymentPostprocessing = 0;
		};
/* End PBXResourcesBuildPhase section */

/* Begin PBXShellScriptBuildPhase section */
		4F7ADFDACC275813482E264D /* [CP] Embed Pods Frameworks */ = {
			isa = PBXShellScriptBuildPhase;
			buildActionMask = 2147483647;
			files = (
			);
			inputFileListPaths = (
				"${PODS_ROOT}/Target Support Files/Pods-VisionBoard/Pods-VisionBoard-frameworks-${CONFIGURATION}-input-files.xcfilelist",
			);
			name = "[CP] Embed Pods Frameworks";
			outputFileListPaths = (
				"${PODS_ROOT}/Target Support Files/Pods-VisionBoard/Pods-VisionBoard-frameworks-${CONFIGURATION}-output-files.xcfilelist",
			);
			runOnlyForDeploymentPostprocessing = 0;
			shellPath = /bin/sh;
			shellScript = "\"${PODS_ROOT}/Target Support Files/Pods-VisionBoard/Pods-VisionBoard-frameworks.sh\"\n";
			showEnvVarsInLog = 0;
		};
		A5A01AC3A55A2C03920ED2C6 /* [CP] Check Pods Manifest.lock */ = {
			isa = PBXShellScriptBuildPhase;
			buildActionMask = 2147483647;
			files = (
			);
			inputFileListPaths = (
			);
			inputPaths = (
				"${PODS_PODFILE_DIR_PATH}/Podfile.lock",
				"${PODS_ROOT}/Manifest.lock",
			);
			name = "[CP] Check Pods Manifest.lock";
			outputFileListPaths = (
			);
			outputPaths = (
				"$(DERIVED_FILE_DIR)/Pods-VisionBoard-checkManifestLockResult.txt",
			);
			runOnlyForDeploymentPostprocessing = 0;
			shellPath = /bin/sh;
			shellScript = "diff \"${PODS_PODFILE_DIR_PATH}/Podfile.lock\" \"${PODS_ROOT}/Manifest.lock\" > /dev/null\nif [ $? != 0 ] ; then\n    # print error to STDERR\n    echo \"error: The sandbox is not in sync with the Podfile.lock. Run 'pod install' or update your CocoaPods installation.\" >&2\n    exit 1\nfi\n# This output is used by Xcode 'outputs' to avoid re-running this script phase.\necho \"SUCCESS\" > \"${SCRIPT_OUTPUT_FILE_0}\"\n";
			showEnvVarsInLog = 0;
		};
/* End PBXShellScriptBuildPhase section */

/* Begin PBXSourcesBuildPhase section */
		9AC21B482459632D008ADB7A /* Sources */ = {
			isa = PBXSourcesBuildPhase;
			buildActionMask = 2147483647;
			files = (
				9AC21B6924596C01008ADB7A /* VisionBoard.swift in Sources */,
				9AC21B542459632D008ADB7A /* VisionBoardViewController.swift in Sources */,
				9AC21B502459632D008ADB7A /* AppDelegate.swift in Sources */,
				9A697F402459937A00D37F18 /* SwipeTableViewController.swift in Sources */,
				9A697F3D2459704900D37F18 /* GoalViewController.swift in Sources */,
				9AC21B522459632D008ADB7A /* SceneDelegate.swift in Sources */,
				9AC21B6724596B1D008ADB7A /* Goal.swift in Sources */,
			);
			runOnlyForDeploymentPostprocessing = 0;
		};
/* End PBXSourcesBuildPhase section */

/* Begin PBXVariantGroup section */
		9AC21B552459632D008ADB7A /* Main.storyboard */ = {
			isa = PBXVariantGroup;
			children = (
				9AC21B562459632D008ADB7A /* Base */,
			);
			name = Main.storyboard;
			sourceTree = "<group>";
		};
		9AC21B5A24596330008ADB7A /* LaunchScreen.storyboard */ = {
			isa = PBXVariantGroup;
			children = (
				9AC21B5B24596330008ADB7A /* Base */,
			);
			name = LaunchScreen.storyboard;
			sourceTree = "<group>";
		};
/* End PBXVariantGroup section */

/* Begin XCBuildConfiguration section */
		9AC21B5E24596330008ADB7A /* Debug */ = {
			isa = XCBuildConfiguration;
			buildSettings = {
				ALWAYS_SEARCH_USER_PATHS = NO;
				CLANG_ANALYZER_NONNULL = YES;
				CLANG_ANALYZER_NUMBER_OBJECT_CONVERSION = YES_AGGRESSIVE;
				CLANG_CXX_LANGUAGE_STANDARD = "gnu++14";
				CLANG_CXX_LIBRARY = "libc++";
				CLANG_ENABLE_MODULES = YES;
				CLANG_ENABLE_OBJC_ARC = YES;
				CLANG_ENABLE_OBJC_WEAK = YES;
				CLANG_WARN_BLOCK_CAPTURE_AUTORELEASING = YES;
				CLANG_WARN_BOOL_CONVERSION = YES;
				CLANG_WARN_COMMA = YES;
				CLANG_WARN_CONSTANT_CONVERSION = YES;
				CLANG_WARN_DEPRECATED_OBJC_IMPLEMENTATIONS = YES;
				CLANG_WARN_DIRECT_OBJC_ISA_USAGE = YES_ERROR;
				CLANG_WARN_DOCUMENTATION_COMMENTS = YES;
				CLANG_WARN_EMPTY_BODY = YES;
				CLANG_WARN_ENUM_CONVERSION = YES;
				CLANG_WARN_INFINITE_RECURSION = YES;
				CLANG_WARN_INT_CONVERSION = YES;
				CLANG_WARN_NON_LITERAL_NULL_CONVERSION = YES;
				CLANG_WARN_OBJC_IMPLICIT_RETAIN_SELF = YES;
				CLANG_WARN_OBJC_LITERAL_CONVERSION = YES;
				CLANG_WARN_OBJC_ROOT_CLASS = YES_ERROR;
				CLANG_WARN_RANGE_LOOP_ANALYSIS = YES;
				CLANG_WARN_STRICT_PROTOTYPES = YES;
				CLANG_WARN_SUSPICIOUS_MOVE = YES;
				CLANG_WARN_UNGUARDED_AVAILABILITY = YES_AGGRESSIVE;
				CLANG_WARN_UNREACHABLE_CODE = YES;
				CLANG_WARN__DUPLICATE_METHOD_MATCH = YES;
				COPY_PHASE_STRIP = NO;
				DEBUG_INFORMATION_FORMAT = dwarf;
				ENABLE_STRICT_OBJC_MSGSEND = YES;
				ENABLE_TESTABILITY = YES;
				GCC_C_LANGUAGE_STANDARD = gnu11;
				GCC_DYNAMIC_NO_PIC = NO;
				GCC_NO_COMMON_BLOCKS = YES;
				GCC_OPTIMIZATION_LEVEL = 0;
				GCC_PREPROCESSOR_DEFINITIONS = (
					"DEBUG=1",
					"$(inherited)",
				);
				GCC_WARN_64_TO_32_BIT_CONVERSION = YES;
				GCC_WARN_ABOUT_RETURN_TYPE = YES_ERROR;
				GCC_WARN_UNDECLARED_SELECTOR = YES;
				GCC_WARN_UNINITIALIZED_AUTOS = YES_AGGRESSIVE;
				GCC_WARN_UNUSED_FUNCTION = YES;
				GCC_WARN_UNUSED_VARIABLE = YES;
				IPHONEOS_DEPLOYMENT_TARGET = 13.4;
				MTL_ENABLE_DEBUG_INFO = INCLUDE_SOURCE;
				MTL_FAST_MATH = YES;
				ONLY_ACTIVE_ARCH = YES;
				SDKROOT = iphoneos;
				SWIFT_ACTIVE_COMPILATION_CONDITIONS = DEBUG;
				SWIFT_OPTIMIZATION_LEVEL = "-Onone";
			};
			name = Debug;
		};
		9AC21B5F24596330008ADB7A /* Release */ = {
			isa = XCBuildConfiguration;
			buildSettings = {
				ALWAYS_SEARCH_USER_PATHS = NO;
				CLANG_ANALYZER_NONNULL = YES;
				CLANG_ANALYZER_NUMBER_OBJECT_CONVERSION = YES_AGGRESSIVE;
				CLANG_CXX_LANGUAGE_STANDARD = "gnu++14";
				CLANG_CXX_LIBRARY = "libc++";
				CLANG_ENABLE_MODULES = YES;
				CLANG_ENABLE_OBJC_ARC = YES;
				CLANG_ENABLE_OBJC_WEAK = YES;
				CLANG_WARN_BLOCK_CAPTURE_AUTORELEASING = YES;
				CLANG_WARN_BOOL_CONVERSION = YES;
				CLANG_WARN_COMMA = YES;
				CLANG_WARN_CONSTANT_CONVERSION = YES;
				CLANG_WARN_DEPRECATED_OBJC_IMPLEMENTATIONS = YES;
				CLANG_WARN_DIRECT_OBJC_ISA_USAGE = YES_ERROR;
				CLANG_WARN_DOCUMENTATION_COMMENTS = YES;
				CLANG_WARN_EMPTY_BODY = YES;
				CLANG_WARN_ENUM_CONVERSION = YES;
				CLANG_WARN_INFINITE_RECURSION = YES;
				CLANG_WARN_INT_CONVERSION = YES;
				CLANG_WARN_NON_LITERAL_NULL_CONVERSION = YES;
				CLANG_WARN_OBJC_IMPLICIT_RETAIN_SELF = YES;
				CLANG_WARN_OBJC_LITERAL_CONVERSION = YES;
				CLANG_WARN_OBJC_ROOT_CLASS = YES_ERROR;
				CLANG_WARN_RANGE_LOOP_ANALYSIS = YES;
				CLANG_WARN_STRICT_PROTOTYPES = YES;
				CLANG_WARN_SUSPICIOUS_MOVE = YES;
				CLANG_WARN_UNGUARDED_AVAILABILITY = YES_AGGRESSIVE;
				CLANG_WARN_UNREACHABLE_CODE = YES;
				CLANG_WARN__DUPLICATE_METHOD_MATCH = YES;
				COPY_PHASE_STRIP = NO;
				DEBUG_INFORMATION_FORMAT = "dwarf-with-dsym";
				ENABLE_NS_ASSERTIONS = NO;
				ENABLE_STRICT_OBJC_MSGSEND = YES;
				GCC_C_LANGUAGE_STANDARD = gnu11;
				GCC_NO_COMMON_BLOCKS = YES;
				GCC_WARN_64_TO_32_BIT_CONVERSION = YES;
				GCC_WARN_ABOUT_RETURN_TYPE = YES_ERROR;
				GCC_WARN_UNDECLARED_SELECTOR = YES;
				GCC_WARN_UNINITIALIZED_AUTOS = YES_AGGRESSIVE;
				GCC_WARN_UNUSED_FUNCTION = YES;
				GCC_WARN_UNUSED_VARIABLE = YES;
				IPHONEOS_DEPLOYMENT_TARGET = 13.4;
				MTL_ENABLE_DEBUG_INFO = NO;
				MTL_FAST_MATH = YES;
				SDKROOT = iphoneos;
				SWIFT_COMPILATION_MODE = wholemodule;
				SWIFT_OPTIMIZATION_LEVEL = "-O";
				VALIDATE_PRODUCT = YES;
			};
			name = Release;
		};
		9AC21B6124596330008ADB7A /* Debug */ = {
			isa = XCBuildConfiguration;
			baseConfigurationReference = B95F025B4B81D28856D975BC /* Pods-VisionBoard.debug.xcconfig */;
			buildSettings = {
				ASSETCATALOG_COMPILER_APPICON_NAME = AppIcon;
				CODE_SIGN_STYLE = Automatic;
				DEVELOPMENT_TEAM = 3J2BHVRBHM;
				INFOPLIST_FILE = VisionBoard/Info.plist;
				LD_RUNPATH_SEARCH_PATHS = (
					"$(inherited)",
					"@executable_path/Frameworks",
				);
				PRODUCT_BUNDLE_IDENTIFIER = com.avazpar.VisionBoard;
				PRODUCT_NAME = "$(TARGET_NAME)";
				SWIFT_VERSION = 5.0;
				TARGETED_DEVICE_FAMILY = "1,2";
			};
			name = Debug;
		};
		9AC21B6224596330008ADB7A /* Release */ = {
			isa = XCBuildConfiguration;
			baseConfigurationReference = E6532A7470B6857F3B03E912 /* Pods-VisionBoard.release.xcconfig */;
			buildSettings = {
				ASSETCATALOG_COMPILER_APPICON_NAME = AppIcon;
				CODE_SIGN_STYLE = Automatic;
				DEVELOPMENT_TEAM = 3J2BHVRBHM;
				INFOPLIST_FILE = VisionBoard/Info.plist;
				LD_RUNPATH_SEARCH_PATHS = (
					"$(inherited)",
					"@executable_path/Frameworks",
				);
				PRODUCT_BUNDLE_IDENTIFIER = com.avazpar.VisionBoard;
				PRODUCT_NAME = "$(TARGET_NAME)";
				SWIFT_VERSION = 5.0;
				TARGETED_DEVICE_FAMILY = "1,2";
			};
			name = Release;
		};
/* End XCBuildConfiguration section */

/* Begin XCConfigurationList section */
		9AC21B472459632D008ADB7A /* Build configuration list for PBXProject "VisionBoard" */ = {
			isa = XCConfigurationList;
			buildConfigurations = (
				9AC21B5E24596330008ADB7A /* Debug */,
				9AC21B5F24596330008ADB7A /* Release */,
			);
			defaultConfigurationIsVisible = 0;
			defaultConfigurationName = Release;
		};
		9AC21B6024596330008ADB7A /* Build configuration list for PBXNativeTarget "VisionBoard" */ = {
			isa = XCConfigurationList;
			buildConfigurations = (
				9AC21B6124596330008ADB7A /* Debug */,
				9AC21B6224596330008ADB7A /* Release */,
			);
			defaultConfigurationIsVisible = 0;
			defaultConfigurationName = Release;
		};
/* End XCConfigurationList section */
	};
	rootObject = 9AC21B442459632D008ADB7A /* Project object */;
}
